
Microsoft Visual Studio Solution File, Format Version 11.00
# Visual Studio 2010
Project("{FAE04EC0-301F-11D3-BF4B-00C04F79EFBC}") = "Productos.Libreria.Datos", "Productos.Libreria.Datos\Productos.Libreria.Datos.csproj", "{C9195856-622F-44DA-AA4F-00CD2DED972A}"
EndProject
Project("{FAE04EC0-301F-11D3-BF4B-00C04F79EFBC}") = "Productos.Libreria.Negocios", "Productos.Libreria.Negocios\Productos.Libreria.Negocios.csproj", "{3AD81BDA-28F1-4B80-A949-0628F4D61F70}"
EndProject
Project("{FAE04EC0-301F-11D3-BF4B-00C04F79EFBC}") = "AppWeb_Productos", "AppWeb_Productos\AppWeb_Productos.csproj", "{B408F8F3-6181-4F0B-AB3B-F7005731398D}"
EndProject
Global
	GlobalSection(SolutionConfigurationPlatforms) = preSolution
		Debug|Any CPU = Debug|Any CPU
		Release|Any CPU = Release|Any CPU
	EndGlobalSection
	GlobalSection(ProjectConfigurationPlatforms) = postSolution
		{C9195856-622F-44DA-AA4F-00CD2DED972A}.Debug|Any CPU.ActiveCfg = Debug|Any CPU
		{C9195856-622F-44DA-AA4F-00CD2DED972A}.Debug|Any CPU.Build.0 = Debug|Any CPU
		{C9195856-622F-44DA-AA4F-00CD2DED972A}.Release|Any CPU.ActiveCfg = Release|Any CPU
		{C9195856-622F-44DA-AA4F-00CD2DED972A}.Release|Any CPU.Build.0 = Release|Any CPU
		{3AD81BDA-28F1-4B80-A949-0628F4D61F70}.Debug|Any CPU.ActiveCfg = Debug|Any CPU
		{3AD81BDA-28F1-4B80-A949-0628F4D61F70}.Debug|Any CPU.Build.0 = Debug|Any CPU
		{3AD81BDA-28F1-4B80-A949-0628F4D61F70}.Release|Any CPU.ActiveCfg = Release|Any CPU
		{3AD81BDA-28F1-4B80-A949-0628F4D61F70}.Release|Any CPU.Build.0 = Release|Any CPU
		{B408F8F3-6181-4F0B-AB3B-F7005731398D}.Debug|Any CPU.ActiveCfg = Debug|Any CPU
		{B408F8F3-6181-4F0B-AB3B-F7005731398D}.Debug|Any CPU.Build.0 = Debug|Any CPU
		{B408F8F3-6181-4F0B-AB3B-F7005731398D}.Release|Any CPU.ActiveCfg = Release|Any CPU
		{B408F8F3-6181-4F0B-AB3B-F7005731398D}.Release|Any CPU.Build.0 = Release|Any CPU
	EndGlobalSection
	GlobalSection(SolutionProperties) = preSolution
		HideSolutionNode = FALSE
	EndGlobalSection
EndGlobal
